
Microsoft Visual Studio Solution File, Format Version 12.00
Project("{FAE04EC0-301F-11D3-BF4B-00C04F79EFBC}") = "Cli", "Cli\Cli.csproj", "{BE5D6B39-5505-47E8-B7B1-FD7F52AA1960}"
EndProject
Project("{FAE04EC0-301F-11D3-BF4B-00C04F79EFBC}") = "Shared", "Shared\Shared.csproj", "{8CF7BFDA-5614-4F7D-9ADE-8E8408606520}"
EndProject
Project("{FAE04EC0-301F-11D3-BF4B-00C04F79EFBC}") = "Web", "Web\Web.csproj", "{17568695-A34D-42BF-B799-B9F2B1146E66}"
EndProject
Global
	GlobalSection(SolutionConfigurationPlatforms) = preSolution
		Debug|Any CPU = Debug|Any CPU
		Release|Any CPU = Release|Any CPU
	EndGlobalSection
	GlobalSection(ProjectConfigurationPlatforms) = postSolution
		{BE5D6B39-5505-47E8-B7B1-FD7F52AA1960}.Debug|Any CPU.ActiveCfg = Debug|Any CPU
		{BE5D6B39-5505-47E8-B7B1-FD7F52AA1960}.Debug|Any CPU.Build.0 = Debug|Any CPU
		{BE5D6B39-5505-47E8-B7B1-FD7F52AA1960}.Release|Any CPU.ActiveCfg = Release|Any CPU
		{BE5D6B39-5505-47E8-B7B1-FD7F52AA1960}.Release|Any CPU.Build.0 = Release|Any CPU
		{8CF7BFDA-5614-4F7D-9ADE-8E8408606520}.Debug|Any CPU.ActiveCfg = Debug|Any CPU
		{8CF7BFDA-5614-4F7D-9ADE-8E8408606520}.Debug|Any CPU.Build.0 = Debug|Any CPU
		{8CF7BFDA-5614-4F7D-9ADE-8E8408606520}.Release|Any CPU.ActiveCfg = Release|Any CPU
		{8CF7BFDA-5614-4F7D-9ADE-8E8408606520}.Release|Any CPU.Build.0 = Release|Any CPU
		{17568695-A34D-42BF-B799-B9F2B1146E66}.Debug|Any CPU.ActiveCfg = Debug|Any CPU
		{17568695-A34D-42BF-B799-B9F2B1146E66}.Debug|Any CPU.Build.0 = Debug|Any CPU
		{17568695-A34D-42BF-B799-B9F2B1146E66}.Release|Any CPU.ActiveCfg = Release|Any CPU
		{17568695-A34D-42BF-B799-B9F2B1146E66}.Release|Any CPU.Build.0 = Release|Any CPU
	EndGlobalSection
EndGlobal
